# THIS IS AN AUTOGENERATED FILE. DO NOT EDIT THIS FILE DIRECTLY.
# yarn lockfile v1


"@types/axios@^0.14.0":
  "integrity" "sha1-7CMA++fX3d1+udOr+HmZlkyvzkY="
  "resolved" "https://registry.yarnpkg.com/@types/axios/-/axios-0.14.0.tgz"
  "version" "0.14.0"
  dependencies:
    "axios" "*"

"@types/node@^17.0.17":
  "integrity" "sha512-e8PUNQy1HgJGV3iU/Bp2+D/DXh3PYeyli8LgIwsQcs1Ar1LoaWHSIT6Rw+H2rNJmiq6SNWiDytfx8+gYj7wDHw=="
  "resolved" "https://registry.yarnpkg.com/@types/node/-/node-17.0.17.tgz"
  "version" "17.0.17"

"@types/tough-cookie@^4.0.1":
  "integrity" "sha512-Y0K95ThC3esLEYD6ZuqNek29lNX2EM1qxV8y2FTLUB0ff5wWrk7az+mLrnNFUnaXcgKye22+sFBRXOgpPILZNg=="
  "resolved" "https://registry.yarnpkg.com/@types/tough-cookie/-/tough-cookie-4.0.1.tgz"
  "version" "4.0.1"

"agent-base@^6.0.2":
  "integrity" "sha512-RZNwNclF7+MS/8bDg70amg32dyeZGZxiDuQmZxKLAlQjr3jGyLx+4Kkk58UO7D2QdgFIQCovuSuZESne6RG6XQ=="
  "resolved" "https://registry.yarnpkg.com/agent-base/-/agent-base-6.0.2.tgz"
  "version" "6.0.2"
  dependencies:
    "debug" "4"

"axios-cookiejar-support@^2.0.3":
  "integrity" "sha512-tvMB+0JhxXLjjvePsXzqXhBI4DMlW4ImR4pKKNl+xclwF0IviNV+CkuhubQCCFjPzOXv7PIzOq3z7WFiF9pMpw=="
  "resolved" "https://registry.yarnpkg.com/axios-cookiejar-support/-/axios-cookiejar-support-2.0.3.tgz"
  "version" "2.0.3"
  dependencies:
    "http-cookie-agent" "^1.0.2"

"axios@*", "axios@^0.25.0", "axios@>=0.20.0":
  "integrity" "sha512-cD8FOb0tRH3uuEe6+evtAbgJtfxr7ly3fQjYcMcuPlgkwVS9xboaVIpcDV+cYQe+yGykgwZCs1pzjntcGa6l5g=="
  "resolved" "https://registry.yarnpkg.com/axios/-/axios-0.25.0.tgz"
  "version" "0.25.0"
  dependencies:
    "follow-redirects" "^1.14.7"

"debug@4":
  "integrity" "sha512-/zxw5+vh1Tfv+4Qn7a5nsbcJKPaSvCDhojn6FEl9vupwK2VCSDtEiEtqr8DFtzYFOdz63LBkxec7DYuc2jon6Q=="
  "resolved" "https://registry.yarnpkg.com/debug/-/debug-4.3.3.tgz"
  "version" "4.3.3"
  dependencies:
    "ms" "2.1.2"

"follow-redirects@^1.14.7":
  "integrity" "sha512-1x0S9UVJHsQprFcEC/qnNzBLcIxsjAV905f/UkQxbclCsoTWlacCNOpQa/anodLl2uaEKFhfWOvM2Qg77+15zA=="
  "resolved" "https://registry.yarnpkg.com/follow-redirects/-/follow-redirects-1.14.8.tgz"
  "version" "1.14.8"

"http-cookie-agent@^1.0.2":
  "integrity" "sha512-2gSYSE3m38/QMKPPbbS/6lEIm8OTbGA5sY3aBLtr/BUTNOFNeL4WqkdNQM6WmIBT7AWKC20aYfU3uq+cgR+Byg=="
  "resolved" "https://registry.yarnpkg.com/http-cookie-agent/-/http-cookie-agent-1.0.4.tgz"
  "version" "1.0.4"
  dependencies:
    "agent-base" "^6.0.2"

"ms@2.1.2":
  "integrity" "sha512-sGkPx+VjMtmA6MX27oA4FBFELFCZZ4S4XqeGOXCv68tT+jb3vk/RyaKWP0PTKyWtmLSM0b+adUTEvbs1PEaH2w=="
  "resolved" "https://registry.yarnpkg.com/ms/-/ms-2.1.2.tgz"
  "version" "2.1.2"

"psl@^1.1.33":
  "integrity" "sha512-RIdOzyoavK+hA18OGGWDqUTsCLhtA7IcZ/6NCs4fFJaHBDab+pDDmDIByWFRQJq2Cd7r1OoQxBGKOaztq+hjIQ=="
  "resolved" "https://registry.yarnpkg.com/psl/-/psl-1.8.0.tgz"
  "version" "1.8.0"

"punycode@^2.1.1":
  "integrity" "sha512-XRsRjdf+j5ml+y/6GKHPZbrF/8p2Yga0JPtdqTIY2Xe5ohJPD9saDJJLPvp9+NSBprVvevdXZybnj2cv8OEd0A=="
  "resolved" "https://registry.yarnpkg.com/punycode/-/punycode-2.1.1.tgz"
  "version" "2.1.1"

"tough-cookie@^4.0.0", "tough-cookie@>=4.0.0":
  "integrity" "sha512-tHdtEpQCMrc1YLrMaqXXcj6AxhYi/xgit6mZu1+EDWUn+qhUf8wMQoFIy9NXuq23zAwtcB0t/MjACGR18pcRbg=="
  "resolved" "https://registry.yarnpkg.com/tough-cookie/-/tough-cookie-4.0.0.tgz"
  "version" "4.0.0"
  dependencies:
    "psl" "^1.1.33"
    "punycode" "^2.1.1"
    "universalify" "^0.1.2"

"typescript@^4.5.5":
  "integrity" "sha512-TCTIul70LyWe6IJWT8QSYeA54WQe8EjQFU4wY52Fasj5UKx88LNYKCgBEHcOMOrFF1rKGbD8v/xcNWVUq9SymA=="
  "resolved" "https://registry.npmjs.org/typescript/-/typescript-4.5.5.tgz"
  "version" "4.5.5"

"universalify@^0.1.2":
  "integrity" "sha512-rBJeI5CXAlmy1pV+617WB9J63U6XcazHHF2f2dbJix4XzpUF0RS3Zbj0FGIOCAva5P/d/GBOYaACQ1w+0azUkg=="
  "resolved" "https://registry.yarnpkg.com/universalify/-/universalify-0.1.2.tgz"
  "version" "0.1.2"
